
Microsoft Visual Studio Solution File, Format Version 12.00
# Visual Studio Version 16
VisualStudioVersion = 16.0.30406.217
MinimumVisualStudioVersion = 10.0.40219.1
Project("{888888A0-9F3D-457C-B088-3A5042F75D52}") = "whileImGone", "whileImGone\whileImGone.pyproj", "{286521C1-EA61-41C8-9C10-DF975DCFA66D}"
EndProject
Global
	GlobalSection(SolutionConfigurationPlatforms) = preSolution
		Debug|Any CPU = Debug|Any CPU
		Release|Any CPU = Release|Any CPU
	EndGlobalSection
	GlobalSection(ProjectConfigurationPlatforms) = postSolution
		{286521C1-EA61-41C8-9C10-DF975DCFA66D}.Debug|Any CPU.ActiveCfg = Debug|Any CPU
		{286521C1-EA61-41C8-9C10-DF975DCFA66D}.Release|Any CPU.ActiveCfg = Release|Any CPU
	EndGlobalSection
	GlobalSection(SolutionProperties) = preSolution
		HideSolutionNode = FALSE
	EndGlobalSection
	GlobalSection(ExtensibilityGlobals) = postSolution
		SolutionGuid = {ED3CB261-1323-4E71-A3EA-5BD41095242D}
	EndGlobalSection
EndGlobal
